
Microsoft Visual Studio Solution File, Format Version 12.00
# Visual Studio Version 17
VisualStudioVersion = 17.14.36429.23 d17.14
MinimumVisualStudioVersion = 10.0.40219.1
Project("{FAE04EC0-301F-11D3-BF4B-00C04F79EFBC}") = "ApartmentLibrary", "ApartmentLibrary\ApartmentLibrary.csproj", "{766E7C99-5082-4DFC-9F35-20F16D02C053}"
EndProject
Project("{FAE04EC0-301F-11D3-BF4B-00C04F79EFBC}") = "ApartmentLibrary.UnitTests", "ApartmentLibrary.UnitTests\ApartmentLibrary.UnitTests.csproj", "{A88B0094-3C1A-4A71-ABF4-FE7E735745EB}"
	ProjectSection(ProjectDependencies) = postProject
		{766E7C99-5082-4DFC-9F35-20F16D02C053} = {766E7C99-5082-4DFC-9F35-20F16D02C053}
	EndProjectSection
EndProject
Global
	GlobalSection(SolutionConfigurationPlatforms) = preSolution
		Debug|Any CPU = Debug|Any CPU
		Release|Any CPU = Release|Any CPU
	EndGlobalSection
	GlobalSection(ProjectConfigurationPlatforms) = postSolution
		{766E7C99-5082-4DFC-9F35-20F16D02C053}.Debug|Any CPU.ActiveCfg = Debug|Any CPU
		{766E7C99-5082-4DFC-9F35-20F16D02C053}.Debug|Any CPU.Build.0 = Debug|Any CPU
		{766E7C99-5082-4DFC-9F35-20F16D02C053}.Release|Any CPU.ActiveCfg = Release|Any CPU
		{766E7C99-5082-4DFC-9F35-20F16D02C053}.Release|Any CPU.Build.0 = Release|Any CPU
		{A88B0094-3C1A-4A71-ABF4-FE7E735745EB}.Debug|Any CPU.ActiveCfg = Debug|Any CPU
		{A88B0094-3C1A-4A71-ABF4-FE7E735745EB}.Debug|Any CPU.Build.0 = Debug|Any CPU
		{A88B0094-3C1A-4A71-ABF4-FE7E735745EB}.Release|Any CPU.ActiveCfg = Release|Any CPU
		{A88B0094-3C1A-4A71-ABF4-FE7E735745EB}.Release|Any CPU.Build.0 = Release|Any CPU
	EndGlobalSection
	GlobalSection(SolutionProperties) = preSolution
		HideSolutionNode = FALSE
	EndGlobalSection
	GlobalSection(ExtensibilityGlobals) = postSolution
		SolutionGuid = {12973360-3FD6-4798-8761-FB8A90CCF483}
	EndGlobalSection
EndGlobal
